
Microsoft Visual Studio Solution File, Format Version 12.00
# Visual Studio Version 16
VisualStudioVersion = 16.0.31911.196
MinimumVisualStudioVersion = 10.0.40219.1
Project("{FAE04EC0-301F-11D3-BF4B-00C04F79EFBC}") = "Homework_23", "Homework_23\Homework_23.csproj", "{7089F0F2-FF20-4F88-9DC7-17EEF3C1274C}"
EndProject
Global
	GlobalSection(SolutionConfigurationPlatforms) = preSolution
		Debug|Any CPU = Debug|Any CPU
		Release|Any CPU = Release|Any CPU
	EndGlobalSection
	GlobalSection(ProjectConfigurationPlatforms) = postSolution
		{7089F0F2-FF20-4F88-9DC7-17EEF3C1274C}.Debug|Any CPU.ActiveCfg = Debug|Any CPU
		{7089F0F2-FF20-4F88-9DC7-17EEF3C1274C}.Debug|Any CPU.Build.0 = Debug|Any CPU
		{7089F0F2-FF20-4F88-9DC7-17EEF3C1274C}.Release|Any CPU.ActiveCfg = Release|Any CPU
		{7089F0F2-FF20-4F88-9DC7-17EEF3C1274C}.Release|Any CPU.Build.0 = Release|Any CPU
	EndGlobalSection
	GlobalSection(SolutionProperties) = preSolution
		HideSolutionNode = FALSE
	EndGlobalSection
	GlobalSection(ExtensibilityGlobals) = postSolution
		SolutionGuid = {F4FF86CB-310B-40C1-9D19-241DBF723DB1}
	EndGlobalSection
EndGlobal
